
Microsoft Visual Studio Solution File, Format Version 12.00
# Visual Studio Version 17
VisualStudioVersion = 17.13.35825.156 d17.13
MinimumVisualStudioVersion = 10.0.40219.1
Project("{FAE04EC0-301F-11D3-BF4B-00C04F79EFBC}") = "Enums", "Enums\Enums.csproj", "{E5EDEB23-FC3C-4FED-88AB-745670F28404}"
EndProject
Global
	GlobalSection(SolutionConfigurationPlatforms) = preSolution
		Debug|Any CPU = Debug|Any CPU
		Release|Any CPU = Release|Any CPU
	EndGlobalSection
	GlobalSection(ProjectConfigurationPlatforms) = postSolution
		{E5EDEB23-FC3C-4FED-88AB-745670F28404}.Debug|Any CPU.ActiveCfg = Debug|Any CPU
		{E5EDEB23-FC3C-4FED-88AB-745670F28404}.Debug|Any CPU.Build.0 = Debug|Any CPU
		{E5EDEB23-FC3C-4FED-88AB-745670F28404}.Release|Any CPU.ActiveCfg = Release|Any CPU
		{E5EDEB23-FC3C-4FED-88AB-745670F28404}.Release|Any CPU.Build.0 = Release|Any CPU
	EndGlobalSection
	GlobalSection(SolutionProperties) = preSolution
		HideSolutionNode = FALSE
	EndGlobalSection
	GlobalSection(ExtensibilityGlobals) = postSolution
		SolutionGuid = {8BDE8CF6-4554-48CA-86AD-D710F6E3A619}
	EndGlobalSection
EndGlobal
